// !$*UTF8*$!
{
	archiveVersion = 1;
	classes = {
	};
	objectVersion = 48;
	objects = {

/* Begin PBXBuildFile section */
		0C10A1671F7B73BF00953499 /* SignUpVc.swift in Sources */ = {isa = PBXBuildFile; fileRef = 0C10A1661F7B73BF00953499 /* SignUpVc.swift */; };
		0C17E8AF1F7A193300EF52AD /* AppDelegate.swift in Sources */ = {isa = PBXBuildFile; fileRef = 0C17E8AE1F7A193300EF52AD /* AppDelegate.swift */; };
		0C17E8B41F7A193300EF52AD /* Main.storyboard in Resources */ = {isa = PBXBuildFile; fileRef = 0C17E8B21F7A193300EF52AD /* Main.storyboard */; };
		0C17E8B61F7A193300EF52AD /* Assets.xcassets in Resources */ = {isa = PBXBuildFile; fileRef = 0C17E8B51F7A193300EF52AD /* Assets.xcassets */; };
		0C17E8B91F7A193300EF52AD /* LaunchScreen.storyboard in Resources */ = {isa = PBXBuildFile; fileRef = 0C17E8B71F7A193300EF52AD /* LaunchScreen.storyboard */; };
		0C17E8C11F7A198100EF52AD /* SeerveVc.swift in Sources */ = {isa = PBXBuildFile; fileRef = 0C17E8C01F7A198100EF52AD /* SeerveVc.swift */; };
/* End PBXBuildFile section */

/* Begin PBXFileReference section */
		0C10A1661F7B73BF00953499 /* SignUpVc.swift */ = {isa = PBXFileReference; lastKnownFileType = sourcecode.swift; path = SignUpVc.swift; sourceTree = "<group>"; };
		0C17E8AB1F7A193300EF52AD /* Screen.app */ = {isa = PBXFileReference; explicitFileType = wrapper.application; includeInIndex = 0; path = Screen.app; sourceTree = BUILT_PRODUCTS_DIR; };
		0C17E8AE1F7A193300EF52AD /* AppDelegate.swift */ = {isa = PBXFileReference; lastKnownFileType = sourcecode.swift; path = AppDelegate.swift; sourceTree = "<group>"; };
		0C17E8B31F7A193300EF52AD /* Base */ = {isa = PBXFileReference; lastKnownFileType = file.storyboard; name = Base; path = Base.lproj/Main.storyboard; sourceTree = "<group>"; };
		0C17E8B51F7A193300EF52AD /* Assets.xcassets */ = {isa = PBXFileReference; lastKnownFileType = folder.assetcatalog; path = Assets.xcassets; sourceTree = "<group>"; };
		0C17E8B81F7A193300EF52AD /* Base */ = {isa = PBXFileReference; lastKnownFileType = file.storyboard; name = Base; path = Base.lproj/LaunchScreen.storyboard; sourceTree = "<group>"; };
		0C17E8BA1F7A193300EF52AD /* Info.plist */ = {isa = PBXFileReference; lastKnownFileType = text.plist.xml; path = Info.plist; sourceTree = "<group>"; };
		0C17E8C01F7A198100EF52AD /* SeerveVc.swift */ = {isa = PBXFileReference; lastKnownFileType = sourcecode.swift; path = SeerveVc.swift; sourceTree = "<group>"; };
/* End PBXFileReference section */

/* Begin PBXFrameworksBuildPhase section */
		0C17E8A81F7A193300EF52AD /* Frameworks */ = {
			isa = PBXFrameworksBuildPhase;
			buildActionMask = 2147483647;
			files = (
			);
			runOnlyForDeploymentPostprocessing = 0;
		};
/* End PBXFrameworksBuildPhase section */

/* Begin PBXGroup section */
		0C17E8A21F7A193300EF52AD = {
			isa = PBXGroup;
			children = (
				0C17E8AD1F7A193300EF52AD /* Screen */,
				0C17E8AC1F7A193300EF52AD /* Products */,
			);
			sourceTree = "<group>";
		};
		0C17E8AC1F7A193300EF52AD /* Products */ = {
			isa = PBXGroup;
			children = (
				0C17E8AB1F7A193300EF52AD /* Screen.app */,
			);
			name = Products;
			sourceTree = "<group>";
		};
		0C17E8AD1F7A193300EF52AD /* Screen */ = {
			isa = PBXGroup;
			children = (
				0C17E8AE1F7A193300EF52AD /* AppDelegate.swift */,
				0C10A1661F7B73BF00953499 /* SignUpVc.swift */,
				0C17E8C01F7A198100EF52AD /* SeerveVc.swift */,
				0C17E8B21F7A193300EF52AD /* Main.storyboard */,
				0C17E8B51F7A193300EF52AD /* Assets.xcassets */,
				0C17E8B71F7A193300EF52AD /* LaunchScreen.storyboard */,
				0C17E8BA1F7A193300EF52AD /* Info.plist */,
			);
			path = Screen;
			sourceTree = "<group>";
		};
/* End PBXGroup section */

/* Begin PBXNativeTarget section */
		0C17E8AA1F7A193300EF52AD /* Screen */ = {
			isa = PBXNativeTarget;
			buildConfigurationList = 0C17E8BD1F7A193300EF52AD /* Build configuration list for PBXNativeTarget "Screen" */;
			buildPhases = (
				0C17E8A71F7A193300EF52AD /* Sources */,
				0C17E8A81F7A193300EF52AD /* Frameworks */,
				0C17E8A91F7A193300EF52AD /* Resources */,
			);
			buildRules = (
			);
			dependencies = (
			);
			name = Screen;
			productName = Screen;
			productReference = 0C17E8AB1F7A193300EF52AD /* Screen.app */;
			productType = "com.apple.product-type.application";
		};
/* End PBXNativeTarget section */

/* Begin PBXProject section */
		0C17E8A31F7A193300EF52AD /* Project object */ = {
			isa = PBXProject;
			attributes = {
				LastSwiftUpdateCheck = 0900;
				LastUpgradeCheck = 0900;
				ORGANIZATIONNAME = appinventiv;
				TargetAttributes = {
					0C17E8AA1F7A193300EF52AD = {
						CreatedOnToolsVersion = 9.0;
						ProvisioningStyle = Manual;
					};
				};
			};
			buildConfigurationList = 0C17E8A61F7A193300EF52AD /* Build configuration list for PBXProject "Screen" */;
			compatibilityVersion = "Xcode 8.0";
			developmentRegion = en;
			hasScannedForEncodings = 0;
			knownRegions = (
				en,
				Base,
			);
			mainGroup = 0C17E8A21F7A193300EF52AD;
			productRefGroup = 0C17E8AC1F7A193300EF52AD /* Products */;
			projectDirPath = "";
			projectRoot = "";
			targets = (
				0C17E8AA1F7A193300EF52AD /* Screen */,
			);
		};
/* End PBXProject section */

/* Begin PBXResourcesBuildPhase section */
		0C17E8A91F7A193300EF52AD /* Resources */ = {
			isa = PBXResourcesBuildPhase;
			buildActionMask = 2147483647;
			files = (
				0C17E8B91F7A193300EF52AD /* LaunchScreen.storyboard in Resources */,
				0C17E8B61F7A193300EF52AD /* Assets.xcassets in Resources */,
				0C17E8B41F7A193300EF52AD /* Main.storyboard in Resources */,
			);
			runOnlyForDeploymentPostprocessing = 0;
		};
/* End PBXResourcesBuildPhase section */

/* Begin PBXSourcesBuildPhase section */
		0C17E8A71F7A193300EF52AD /* Sources */ = {
			isa = PBXSourcesBuildPhase;
			buildActionMask = 2147483647;
			files = (
				0C10A1671F7B73BF00953499 /* SignUpVc.swift in Sources */,
				0C17E8C11F7A198100EF52AD /* SeerveVc.swift in Sources */,
				0C17E8AF1F7A193300EF52AD /* AppDelegate.swift in Sources */,
			);
			runOnlyForDeploymentPostprocessing = 0;
		};
/* End PBXSourcesBuildPhase section */

/* Begin PBXVariantGroup section */
		0C17E8B21F7A193300EF52AD /* Main.storyboard */ = {
			isa = PBXVariantGroup;
			children = (
				0C17E8B31F7A193300EF52AD /* Base */,
			);
			name = Main.storyboard;
			sourceTree = "<group>";
		};
		0C17E8B71F7A193300EF52AD /* LaunchScreen.storyboard */ = {
			isa = PBXVariantGroup;
			children = (
				0C17E8B81F7A193300EF52AD /* Base */,
			);
			name = LaunchScreen.storyboard;
			sourceTree = "<group>";
		};
/* End PBXVariantGroup section */

/* Begin XCBuildConfiguration section */
		0C17E8BB1F7A193300EF52AD /* Debug */ = {
			isa = XCBuildConfiguration;
			buildSettings = {
				ALWAYS_SEARCH_USER_PATHS = NO;
				CLANG_ANALYZER_NONNULL = YES;
				CLANG_ANALYZER_NUMBER_OBJECT_CONVERSION = YES_AGGRESSIVE;
				CLANG_CXX_LANGUAGE_STANDARD = "gnu++14";
				CLANG_CXX_LIBRARY = "libc++";
				CLANG_ENABLE_MODULES = YES;
				CLANG_ENABLE_OBJC_ARC = YES;
				CLANG_WARN_BLOCK_CAPTURE_AUTORELEASING = YES;
				CLANG_WARN_BOOL_CONVERSION = YES;
				CLANG_WARN_COMMA = YES;
				CLANG_WARN_CONSTANT_CONVERSION = YES;
				CLANG_WARN_DIRECT_OBJC_ISA_USAGE = YES_ERROR;
				CLANG_WARN_DOCUMENTATION_COMMENTS = YES;
				CLANG_WARN_EMPTY_BODY = YES;
				CLANG_WARN_ENUM_CONVERSION = YES;
				CLANG_WARN_INFINITE_RECURSION = YES;
				CLANG_WARN_INT_CONVERSION = YES;
				CLANG_WARN_NON_LITERAL_NULL_CONVERSION = YES;
				CLANG_WARN_OBJC_LITERAL_CONVERSION = YES;
				CLANG_WARN_OBJC_ROOT_CLASS = YES_ERROR;
				CLANG_WARN_RANGE_LOOP_ANALYSIS = YES;
				CLANG_WARN_STRICT_PROTOTYPES = YES;
				CLANG_WARN_SUSPICIOUS_MOVE = YES;
				CLANG_WARN_UNGUARDED_AVAILABILITY = YES_AGGRESSIVE;
				CLANG_WARN_UNREACHABLE_CODE = YES;
				CLANG_WARN__DUPLICATE_METHOD_MATCH = YES;
				CODE_SIGN_IDENTITY = "iPhone Developer";
				COPY_PHASE_STRIP = NO;
				DEBUG_INFORMATION_FORMAT = dwarf;
				ENABLE_STRICT_OBJC_MSGSEND = YES;
				ENABLE_TESTABILITY = YES;
				GCC_C_LANGUAGE_STANDARD = gnu11;
				GCC_DYNAMIC_NO_PIC = NO;
				GCC_NO_COMMON_BLOCKS = YES;
				GCC_OPTIMIZATION_LEVEL = 0;
				GCC_PREPROCESSOR_DEFINITIONS = (
					"DEBUG=1",
					"$(inherited)",
				);
				GCC_WARN_64_TO_32_BIT_CONVERSION = YES;
				GCC_WARN_ABOUT_RETURN_TYPE = YES_ERROR;
				GCC_WARN_UNDECLARED_SELECTOR = YES;
				GCC_WARN_UNINITIALIZED_AUTOS = YES_AGGRESSIVE;
				GCC_WARN_UNUSED_FUNCTION = YES;
				GCC_WARN_UNUSED_VARIABLE = YES;
				IPHONEOS_DEPLOYMENT_TARGET = 11.0;
				MTL_ENABLE_DEBUG_INFO = YES;
				ONLY_ACTIVE_ARCH = YES;
				SDKROOT = iphoneos;
				SWIFT_ACTIVE_COMPILATION_CONDITIONS = DEBUG;
				SWIFT_OPTIMIZATION_LEVEL = "-Onone";
			};
			name = Debug;
		};
		0C17E8BC1F7A193300EF52AD /* Release */ = {
			isa = XCBuildConfiguration;
			buildSettings = {
				ALWAYS_SEARCH_USER_PATHS = NO;
				CLANG_ANALYZER_NONNULL = YES;
				CLANG_ANALYZER_NUMBER_OBJECT_CONVERSION = YES_AGGRESSIVE;
				CLANG_CXX_LANGUAGE_STANDARD = "gnu++14";
				CLANG_CXX_LIBRARY = "libc++";
				CLANG_ENABLE_MODULES = YES;
				CLANG_ENABLE_OBJC_ARC = YES;
				CLANG_WARN_BLOCK_CAPTURE_AUTORELEASING = YES;
				CLANG_WARN_BOOL_CONVERSION = YES;
				CLANG_WARN_COMMA = YES;
				CLANG_WARN_CONSTANT_CONVERSION = YES;
				CLANG_WARN_DIRECT_OBJC_ISA_USAGE = YES_ERROR;
				CLANG_WARN_DOCUMENTATION_COMMENTS = YES;
				CLANG_WARN_EMPTY_BODY = YES;
				CLANG_WARN_ENUM_CONVERSION = YES;
				CLANG_WARN_INFINITE_RECURSION = YES;
				CLANG_WARN_INT_CONVERSION = YES;
				CLANG_WARN_NON_LITERAL_NULL_CONVERSION = YES;
				CLANG_WARN_OBJC_LITERAL_CONVERSION = YES;
				CLANG_WARN_OBJC_ROOT_CLASS = YES_ERROR;
				CLANG_WARN_RANGE_LOOP_ANALYSIS = YES;
				CLANG_WARN_STRICT_PROTOTYPES = YES;
				CLANG_WARN_SUSPICIOUS_MOVE = YES;
				CLANG_WARN_UNGUARDED_AVAILABILITY = YES_AGGRESSIVE;
				CLANG_WARN_UNREACHABLE_CODE = YES;
				CLANG_WARN__DUPLICATE_METHOD_MATCH = YES;
				CODE_SIGN_IDENTITY = "iPhone Developer";
				COPY_PHASE_STRIP = NO;
				DEBUG_INFORMATION_FORMAT = "dwarf-with-dsym";
				ENABLE_NS_ASSERTIONS = NO;
				ENABLE_STRICT_OBJC_MSGSEND = YES;
				GCC_C_LANGUAGE_STANDARD = gnu11;
				GCC_NO_COMMON_BLOCKS = YES;
				GCC_WARN_64_TO_32_BIT_CONVERSION = YES;
				GCC_WARN_ABOUT_RETURN_TYPE = YES_ERROR;
				GCC_WARN_UNDECLARED_SELECTOR = YES;
				GCC_WARN_UNINITIALIZED_AUTOS = YES_AGGRESSIVE;
				GCC_WARN_UNUSED_FUNCTION = YES;
				GCC_WARN_UNUSED_VARIABLE = YES;
				IPHONEOS_DEPLOYMENT_TARGET = 11.0;
				MTL_ENABLE_DEBUG_INFO = NO;
				SDKROOT = iphoneos;
				SWIFT_OPTIMIZATION_LEVEL = "-Owholemodule";
				VALIDATE_PRODUCT = YES;
			};
			name = Release;
		};
		0C17E8BE1F7A193300EF52AD /* Debug */ = {
			isa = XCBuildConfiguration;
			buildSettings = {
				ASSETCATALOG_COMPILER_APPICON_NAME = AppIcon;
				CODE_SIGN_STYLE = Manual;
				DEVELOPMENT_TEAM = "";
				INFOPLIST_FILE = Screen/Info.plist;
				LD_RUNPATH_SEARCH_PATHS = "$(inherited) @executable_path/Frameworks";
				PRODUCT_BUNDLE_IDENTIFIER = appinventiv.Screen;
				PRODUCT_NAME = "$(TARGET_NAME)";
				PROVISIONING_PROFILE_SPECIFIER = "";
				SWIFT_VERSION = 4.0;
				TARGETED_DEVICE_FAMILY = "1,2";
			};
			name = Debug;
		};
		0C17E8BF1F7A193300EF52AD /* Release */ = {
			isa = XCBuildConfiguration;
			buildSettings = {
				ASSETCATALOG_COMPILER_APPICON_NAME = AppIcon;
				CODE_SIGN_STYLE = Manual;
				DEVELOPMENT_TEAM = "";
				INFOPLIST_FILE = Screen/Info.plist;
				LD_RUNPATH_SEARCH_PATHS = "$(inherited) @executable_path/Frameworks";
				PRODUCT_BUNDLE_IDENTIFIER = appinventiv.Screen;
				PRODUCT_NAME = "$(TARGET_NAME)";
				PROVISIONING_PROFILE_SPECIFIER = "";
				SWIFT_VERSION = 4.0;
				TARGETED_DEVICE_FAMILY = "1,2";
			};
			name = Release;
		};
/* End XCBuildConfiguration section */

/* Begin XCConfigurationList section */
		0C17E8A61F7A193300EF52AD /* Build configuration list for PBXProject "Screen" */ = {
			isa = XCConfigurationList;
			buildConfigurations = (
				0C17E8BB1F7A193300EF52AD /* Debug */,
				0C17E8BC1F7A193300EF52AD /* Release */,
			);
			defaultConfigurationIsVisible = 0;
			defaultConfigurationName = Release;
		};
		0C17E8BD1F7A193300EF52AD /* Build configuration list for PBXNativeTarget "Screen" */ = {
			isa = XCConfigurationList;
			buildConfigurations = (
				0C17E8BE1F7A193300EF52AD /* Debug */,
				0C17E8BF1F7A193300EF52AD /* Release */,
			);
			defaultConfigurationIsVisible = 0;
			defaultConfigurationName = Release;
		};
/* End XCConfigurationList section */
	};
	rootObject = 0C17E8A31F7A193300EF52AD /* Project object */;
}
